
Microsoft Visual Studio Solution File, Format Version 12.00
# Visual Studio Version 17
VisualStudioVersion = 17.7.34018.315
MinimumVisualStudioVersion = 10.0.40219.1
Project("{FAE04EC0-301F-11D3-BF4B-00C04F79EFBC}") = "StockAlarmClockDisabler", "StockAlarmClockDisabler.csproj", "{189E5E94-48A9-4C32-BA08-960D2D40DBCD}"
EndProject
Global
	GlobalSection(SolutionConfigurationPlatforms) = preSolution
		Debug|Any CPU = Debug|Any CPU
		Release|Any CPU = Release|Any CPU
	EndGlobalSection
	GlobalSection(ProjectConfigurationPlatforms) = postSolution
		{189E5E94-48A9-4C32-BA08-960D2D40DBCD}.Debug|Any CPU.ActiveCfg = Debug|Any CPU
		{189E5E94-48A9-4C32-BA08-960D2D40DBCD}.Debug|Any CPU.Build.0 = Debug|Any CPU
		{189E5E94-48A9-4C32-BA08-960D2D40DBCD}.Release|Any CPU.ActiveCfg = Release|Any CPU
		{189E5E94-48A9-4C32-BA08-960D2D40DBCD}.Release|Any CPU.Build.0 = Release|Any CPU
	EndGlobalSection
	GlobalSection(SolutionProperties) = preSolution
		HideSolutionNode = FALSE
	EndGlobalSection
	GlobalSection(ExtensibilityGlobals) = postSolution
		SolutionGuid = {8EF5C600-11F0-4DDF-960B-2E9A738FB370}
	EndGlobalSection
EndGlobal
